
Microsoft Visual Studio Solution File, Format Version 12.00
# Visual Studio 15
VisualStudioVersion = 15.0.26124.0
MinimumVisualStudioVersion = 15.0.26124.0
Project("{FAE04EC0-301F-11D3-BF4B-00C04F79EFBC}") = "ConstructingACar", "ConstructingACar\ConstructingACar.csproj", "{A82784BD-E1E4-4AFE-A6E8-668BE68E1334}"
EndProject
Project("{FAE04EC0-301F-11D3-BF4B-00C04F79EFBC}") = "ConstructingACar.Test", "ConstructingACar.Test\ConstructingACar.Test.csproj", "{16E322D6-A996-4452-B1DF-B7DFA826835B}"
EndProject
Project("{FAE04EC0-301F-11D3-BF4B-00C04F79EFBC}") = "ConstructingACar.Exe", "ConstructingACar.Exe\ConstructingACar.Exe.csproj", "{0E889C78-274E-4CA8-B8B0-885DDC6662DC}"
EndProject
Global
	GlobalSection(SolutionConfigurationPlatforms) = preSolution
		Debug|Any CPU = Debug|Any CPU
		Debug|x64 = Debug|x64
		Debug|x86 = Debug|x86
		Release|Any CPU = Release|Any CPU
		Release|x64 = Release|x64
		Release|x86 = Release|x86
	EndGlobalSection
	GlobalSection(SolutionProperties) = preSolution
		HideSolutionNode = FALSE
	EndGlobalSection
	GlobalSection(ProjectConfigurationPlatforms) = postSolution
		{A82784BD-E1E4-4AFE-A6E8-668BE68E1334}.Debug|Any CPU.ActiveCfg = Debug|Any CPU
		{A82784BD-E1E4-4AFE-A6E8-668BE68E1334}.Debug|Any CPU.Build.0 = Debug|Any CPU
		{A82784BD-E1E4-4AFE-A6E8-668BE68E1334}.Debug|x64.ActiveCfg = Debug|Any CPU
		{A82784BD-E1E4-4AFE-A6E8-668BE68E1334}.Debug|x64.Build.0 = Debug|Any CPU
		{A82784BD-E1E4-4AFE-A6E8-668BE68E1334}.Debug|x86.ActiveCfg = Debug|Any CPU
		{A82784BD-E1E4-4AFE-A6E8-668BE68E1334}.Debug|x86.Build.0 = Debug|Any CPU
		{A82784BD-E1E4-4AFE-A6E8-668BE68E1334}.Release|Any CPU.ActiveCfg = Release|Any CPU
		{A82784BD-E1E4-4AFE-A6E8-668BE68E1334}.Release|Any CPU.Build.0 = Release|Any CPU
		{A82784BD-E1E4-4AFE-A6E8-668BE68E1334}.Release|x64.ActiveCfg = Release|Any CPU
		{A82784BD-E1E4-4AFE-A6E8-668BE68E1334}.Release|x64.Build.0 = Release|Any CPU
		{A82784BD-E1E4-4AFE-A6E8-668BE68E1334}.Release|x86.ActiveCfg = Release|Any CPU
		{A82784BD-E1E4-4AFE-A6E8-668BE68E1334}.Release|x86.Build.0 = Release|Any CPU
		{16E322D6-A996-4452-B1DF-B7DFA826835B}.Debug|Any CPU.ActiveCfg = Debug|Any CPU
		{16E322D6-A996-4452-B1DF-B7DFA826835B}.Debug|Any CPU.Build.0 = Debug|Any CPU
		{16E322D6-A996-4452-B1DF-B7DFA826835B}.Debug|x64.ActiveCfg = Debug|Any CPU
		{16E322D6-A996-4452-B1DF-B7DFA826835B}.Debug|x64.Build.0 = Debug|Any CPU
		{16E322D6-A996-4452-B1DF-B7DFA826835B}.Debug|x86.ActiveCfg = Debug|Any CPU
		{16E322D6-A996-4452-B1DF-B7DFA826835B}.Debug|x86.Build.0 = Debug|Any CPU
		{16E322D6-A996-4452-B1DF-B7DFA826835B}.Release|Any CPU.ActiveCfg = Release|Any CPU
		{16E322D6-A996-4452-B1DF-B7DFA826835B}.Release|Any CPU.Build.0 = Release|Any CPU
		{16E322D6-A996-4452-B1DF-B7DFA826835B}.Release|x64.ActiveCfg = Release|Any CPU
		{16E322D6-A996-4452-B1DF-B7DFA826835B}.Release|x64.Build.0 = Release|Any CPU
		{16E322D6-A996-4452-B1DF-B7DFA826835B}.Release|x86.ActiveCfg = Release|Any CPU
		{16E322D6-A996-4452-B1DF-B7DFA826835B}.Release|x86.Build.0 = Release|Any CPU
		{0E889C78-274E-4CA8-B8B0-885DDC6662DC}.Debug|Any CPU.ActiveCfg = Debug|Any CPU
		{0E889C78-274E-4CA8-B8B0-885DDC6662DC}.Debug|Any CPU.Build.0 = Debug|Any CPU
		{0E889C78-274E-4CA8-B8B0-885DDC6662DC}.Debug|x64.ActiveCfg = Debug|Any CPU
		{0E889C78-274E-4CA8-B8B0-885DDC6662DC}.Debug|x64.Build.0 = Debug|Any CPU
		{0E889C78-274E-4CA8-B8B0-885DDC6662DC}.Debug|x86.ActiveCfg = Debug|Any CPU
		{0E889C78-274E-4CA8-B8B0-885DDC6662DC}.Debug|x86.Build.0 = Debug|Any CPU
		{0E889C78-274E-4CA8-B8B0-885DDC6662DC}.Release|Any CPU.ActiveCfg = Release|Any CPU
		{0E889C78-274E-4CA8-B8B0-885DDC6662DC}.Release|Any CPU.Build.0 = Release|Any CPU
		{0E889C78-274E-4CA8-B8B0-885DDC6662DC}.Release|x64.ActiveCfg = Release|Any CPU
		{0E889C78-274E-4CA8-B8B0-885DDC6662DC}.Release|x64.Build.0 = Release|Any CPU
		{0E889C78-274E-4CA8-B8B0-885DDC6662DC}.Release|x86.ActiveCfg = Release|Any CPU
		{0E889C78-274E-4CA8-B8B0-885DDC6662DC}.Release|x86.Build.0 = Release|Any CPU
	EndGlobalSection
EndGlobal
